// !$*UTF8*$!
{
	archiveVersion = 1;
	classes = {
	};
	objectVersion = 46;
	objects = {

/* Begin PBXBuildFile section */
		C9FE291D1BE664A100E05053 /* main.m in Sources */ = {isa = PBXBuildFile; fileRef = C9FE291C1BE664A100E05053 /* main.m */; };
		C9FE29201BE664A100E05053 /* AppDelegate.m in Sources */ = {isa = PBXBuildFile; fileRef = C9FE291F1BE664A100E05053 /* AppDelegate.m */; };
		C9FE29261BE664A100E05053 /* Main.storyboard in Resources */ = {isa = PBXBuildFile; fileRef = C9FE29241BE664A100E05053 /* Main.storyboard */; };
		C9FE29281BE664A100E05053 /* Assets.xcassets in Resources */ = {isa = PBXBuildFile; fileRef = C9FE29271BE664A100E05053 /* Assets.xcassets */; };
		C9FE292B1BE664A100E05053 /* LaunchScreen.storyboard in Resources */ = {isa = PBXBuildFile; fileRef = C9FE29291BE664A100E05053 /* LaunchScreen.storyboard */; };
		C9FE29351BE665B000E05053 /* NSLayoutAnchor.storyboard in Resources */ = {isa = PBXBuildFile; fileRef = C9FE29331BE665B000E05053 /* NSLayoutAnchor.storyboard */; };
		C9FE29381BE6675B00E05053 /* WebViewController.m in Sources */ = {isa = PBXBuildFile; fileRef = C9FE29371BE6675B00E05053 /* WebViewController.m */; };
		C9FE293C1BE66CE900E05053 /* UILayoutGuide.storyboard in Resources */ = {isa = PBXBuildFile; fileRef = C9FE293A1BE66CE900E05053 /* UILayoutGuide.storyboard */; };
		C9FE29401BE66DDC00E05053 /* SpacerViewController.m in Sources */ = {isa = PBXBuildFile; fileRef = C9FE293F1BE66DDC00E05053 /* SpacerViewController.m */; };
		C9FE29431BE6745A00E05053 /* GroupViewController.m in Sources */ = {isa = PBXBuildFile; fileRef = C9FE29421BE6745A00E05053 /* GroupViewController.m */; };
		C9FE29461BE68C9100E05053 /* UIStackView.storyboard in Resources */ = {isa = PBXBuildFile; fileRef = C9FE29441BE68C9100E05053 /* UIStackView.storyboard */; };
		C9FE294A1BE68D5000E05053 /* TimelineViewController.m in Sources */ = {isa = PBXBuildFile; fileRef = C9FE29491BE68D5000E05053 /* TimelineViewController.m */; };
		C9FE294D1BE68D7500E05053 /* TimelineCell.m in Sources */ = {isa = PBXBuildFile; fileRef = C9FE294C1BE68D7500E05053 /* TimelineCell.m */; };
		C9FE29501BE68D8F00E05053 /* TimelineItem.m in Sources */ = {isa = PBXBuildFile; fileRef = C9FE294F1BE68D8F00E05053 /* TimelineItem.m */; };
		C9FE29561BE6938500E05053 /* ImageListViewController.m in Sources */ = {isa = PBXBuildFile; fileRef = C9FE29551BE6938500E05053 /* ImageListViewController.m */; };
		C9FE29591BE6939500E05053 /* ImageListViewCell.m in Sources */ = {isa = PBXBuildFile; fileRef = C9FE29581BE6939500E05053 /* ImageListViewCell.m */; };
/* End PBXBuildFile section */

/* Begin PBXFileReference section */
		C9FE29181BE664A100E05053 /* iOS9UIKitDemos.app */ = {isa = PBXFileReference; explicitFileType = wrapper.application; includeInIndex = 0; path = iOS9UIKitDemos.app; sourceTree = BUILT_PRODUCTS_DIR; };
		C9FE291C1BE664A100E05053 /* main.m */ = {isa = PBXFileReference; lastKnownFileType = sourcecode.c.objc; path = main.m; sourceTree = "<group>"; };
		C9FE291E1BE664A100E05053 /* AppDelegate.h */ = {isa = PBXFileReference; lastKnownFileType = sourcecode.c.h; path = AppDelegate.h; sourceTree = "<group>"; };
		C9FE291F1BE664A100E05053 /* AppDelegate.m */ = {isa = PBXFileReference; lastKnownFileType = sourcecode.c.objc; path = AppDelegate.m; sourceTree = "<group>"; };
		C9FE29251BE664A100E05053 /* Base */ = {isa = PBXFileReference; lastKnownFileType = file.storyboard; name = Base; path = Base.lproj/Main.storyboard; sourceTree = "<group>"; };
		C9FE29271BE664A100E05053 /* Assets.xcassets */ = {isa = PBXFileReference; lastKnownFileType = folder.assetcatalog; path = Assets.xcassets; sourceTree = "<group>"; };
		C9FE292A1BE664A100E05053 /* Base */ = {isa = PBXFileReference; lastKnownFileType = file.storyboard; name = Base; path = Base.lproj/LaunchScreen.storyboard; sourceTree = "<group>"; };
		C9FE292C1BE664A100E05053 /* Info.plist */ = {isa = PBXFileReference; lastKnownFileType = text.plist.xml; path = Info.plist; sourceTree = "<group>"; };
		C9FE29341BE665B000E05053 /* Base */ = {isa = PBXFileReference; lastKnownFileType = file.storyboard; name = Base; path = Base.lproj/NSLayoutAnchor.storyboard; sourceTree = "<group>"; };
		C9FE29361BE6675B00E05053 /* WebViewController.h */ = {isa = PBXFileReference; fileEncoding = 4; lastKnownFileType = sourcecode.c.h; path = WebViewController.h; sourceTree = "<group>"; };
		C9FE29371BE6675B00E05053 /* WebViewController.m */ = {isa = PBXFileReference; fileEncoding = 4; lastKnownFileType = sourcecode.c.objc; path = WebViewController.m; sourceTree = "<group>"; };
		C9FE293B1BE66CE900E05053 /* Base */ = {isa = PBXFileReference; lastKnownFileType = file.storyboard; name = Base; path = Base.lproj/UILayoutGuide.storyboard; sourceTree = "<group>"; };
		C9FE293E1BE66DDC00E05053 /* SpacerViewController.h */ = {isa = PBXFileReference; fileEncoding = 4; lastKnownFileType = sourcecode.c.h; path = SpacerViewController.h; sourceTree = "<group>"; };
		C9FE293F1BE66DDC00E05053 /* SpacerViewController.m */ = {isa = PBXFileReference; fileEncoding = 4; lastKnownFileType = sourcecode.c.objc; path = SpacerViewController.m; sourceTree = "<group>"; };
		C9FE29411BE6745A00E05053 /* GroupViewController.h */ = {isa = PBXFileReference; fileEncoding = 4; lastKnownFileType = sourcecode.c.h; path = GroupViewController.h; sourceTree = "<group>"; };
		C9FE29421BE6745A00E05053 /* GroupViewController.m */ = {isa = PBXFileReference; fileEncoding = 4; lastKnownFileType = sourcecode.c.objc; path = GroupViewController.m; sourceTree = "<group>"; };
		C9FE29451BE68C9100E05053 /* Base */ = {isa = PBXFileReference; lastKnownFileType = file.storyboard; name = Base; path = Base.lproj/UIStackView.storyboard; sourceTree = "<group>"; };
		C9FE29481BE68D5000E05053 /* TimelineViewController.h */ = {isa = PBXFileReference; fileEncoding = 4; lastKnownFileType = sourcecode.c.h; path = TimelineViewController.h; sourceTree = "<group>"; };
		C9FE29491BE68D5000E05053 /* TimelineViewController.m */ = {isa = PBXFileReference; fileEncoding = 4; lastKnownFileType = sourcecode.c.objc; path = TimelineViewController.m; sourceTree = "<group>"; };
		C9FE294B1BE68D7500E05053 /* TimelineCell.h */ = {isa = PBXFileReference; fileEncoding = 4; lastKnownFileType = sourcecode.c.h; path = TimelineCell.h; sourceTree = "<group>"; };
		C9FE294C1BE68D7500E05053 /* TimelineCell.m */ = {isa = PBXFileReference; fileEncoding = 4; lastKnownFileType = sourcecode.c.objc; path = TimelineCell.m; sourceTree = "<group>"; };
		C9FE294E1BE68D8F00E05053 /* TimelineItem.h */ = {isa = PBXFileReference; fileEncoding = 4; lastKnownFileType = sourcecode.c.h; path = TimelineItem.h; sourceTree = "<group>"; };
		C9FE294F1BE68D8F00E05053 /* TimelineItem.m */ = {isa = PBXFileReference; fileEncoding = 4; lastKnownFileType = sourcecode.c.objc; path = TimelineItem.m; sourceTree = "<group>"; };
		C9FE29541BE6938500E05053 /* ImageListViewController.h */ = {isa = PBXFileReference; fileEncoding = 4; lastKnownFileType = sourcecode.c.h; path = ImageListViewController.h; sourceTree = "<group>"; };
		C9FE29551BE6938500E05053 /* ImageListViewController.m */ = {isa = PBXFileReference; fileEncoding = 4; lastKnownFileType = sourcecode.c.objc; path = ImageListViewController.m; sourceTree = "<group>"; };
		C9FE29571BE6939500E05053 /* ImageListViewCell.h */ = {isa = PBXFileReference; fileEncoding = 4; lastKnownFileType = sourcecode.c.h; path = ImageListViewCell.h; sourceTree = "<group>"; };
		C9FE29581BE6939500E05053 /* ImageListViewCell.m */ = {isa = PBXFileReference; fileEncoding = 4; lastKnownFileType = sourcecode.c.objc; path = ImageListViewCell.m; sourceTree = "<group>"; };
/* End PBXFileReference section */

/* Begin PBXFrameworksBuildPhase section */
		C9FE29151BE664A100E05053 /* Frameworks */ = {
			isa = PBXFrameworksBuildPhase;
			buildActionMask = 2147483647;
			files = (
			);
			runOnlyForDeploymentPostprocessing = 0;
		};
/* End PBXFrameworksBuildPhase section */

/* Begin PBXGroup section */
		C9FE290F1BE664A100E05053 = {
			isa = PBXGroup;
			children = (
				C9FE291A1BE664A100E05053 /* iOS9UIKitDemos */,
				C9FE29191BE664A100E05053 /* Products */,
			);
			sourceTree = "<group>";
		};
		C9FE29191BE664A100E05053 /* Products */ = {
			isa = PBXGroup;
			children = (
				C9FE29181BE664A100E05053 /* iOS9UIKitDemos.app */,
			);
			name = Products;
			sourceTree = "<group>";
		};
		C9FE291A1BE664A100E05053 /* iOS9UIKitDemos */ = {
			isa = PBXGroup;
			children = (
				C9FE291E1BE664A100E05053 /* AppDelegate.h */,
				C9FE291F1BE664A100E05053 /* AppDelegate.m */,
				C9FE29241BE664A100E05053 /* Main.storyboard */,
				C9FE29471BE68D2F00E05053 /* UIStackView */,
				C9FE29391BE668E100E05053 /* NSLayoutAnchor */,
				C9FE293D1BE66DA000E05053 /* UILayoutGuide */,
				C9FE291B1BE664A100E05053 /* Supporting Files */,
			);
			path = iOS9UIKitDemos;
			sourceTree = "<group>";
		};
		C9FE291B1BE664A100E05053 /* Supporting Files */ = {
			isa = PBXGroup;
			children = (
				C9FE29291BE664A100E05053 /* LaunchScreen.storyboard */,
				C9FE29271BE664A100E05053 /* Assets.xcassets */,
				C9FE292C1BE664A100E05053 /* Info.plist */,
				C9FE291C1BE664A100E05053 /* main.m */,
			);
			name = "Supporting Files";
			sourceTree = "<group>";
		};
		C9FE29391BE668E100E05053 /* NSLayoutAnchor */ = {
			isa = PBXGroup;
			children = (
				C9FE295A1BE693A000E05053 /* WebViewController */,
				C9FE295B1BE693A800E05053 /* ImageList */,
				C9FE29331BE665B000E05053 /* NSLayoutAnchor.storyboard */,
			);
			name = NSLayoutAnchor;
			sourceTree = "<group>";
		};
		C9FE293D1BE66DA000E05053 /* UILayoutGuide */ = {
			isa = PBXGroup;
			children = (
				C9FE293A1BE66CE900E05053 /* UILayoutGuide.storyboard */,
				C9FE293E1BE66DDC00E05053 /* SpacerViewController.h */,
				C9FE293F1BE66DDC00E05053 /* SpacerViewController.m */,
				C9FE29411BE6745A00E05053 /* GroupViewController.h */,
				C9FE29421BE6745A00E05053 /* GroupViewController.m */,
			);
			name = UILayoutGuide;
			sourceTree = "<group>";
		};
		C9FE29471BE68D2F00E05053 /* UIStackView */ = {
			isa = PBXGroup;
			children = (
				C9FE29441BE68C9100E05053 /* UIStackView.storyboard */,
				C9FE29481BE68D5000E05053 /* TimelineViewController.h */,
				C9FE29491BE68D5000E05053 /* TimelineViewController.m */,
				C9FE294B1BE68D7500E05053 /* TimelineCell.h */,
				C9FE294C1BE68D7500E05053 /* TimelineCell.m */,
				C9FE294E1BE68D8F00E05053 /* TimelineItem.h */,
				C9FE294F1BE68D8F00E05053 /* TimelineItem.m */,
			);
			name = UIStackView;
			sourceTree = "<group>";
		};
		C9FE295A1BE693A000E05053 /* WebViewController */ = {
			isa = PBXGroup;
			children = (
				C9FE29361BE6675B00E05053 /* WebViewController.h */,
				C9FE29371BE6675B00E05053 /* WebViewController.m */,
			);
			name = WebViewController;
			sourceTree = "<group>";
		};
		C9FE295B1BE693A800E05053 /* ImageList */ = {
			isa = PBXGroup;
			children = (
				C9FE29541BE6938500E05053 /* ImageListViewController.h */,
				C9FE29551BE6938500E05053 /* ImageListViewController.m */,
				C9FE29571BE6939500E05053 /* ImageListViewCell.h */,
				C9FE29581BE6939500E05053 /* ImageListViewCell.m */,
			);
			name = ImageList;
			sourceTree = "<group>";
		};
/* End PBXGroup section */

/* Begin PBXNativeTarget section */
		C9FE29171BE664A100E05053 /* iOS9UIKitDemos */ = {
			isa = PBXNativeTarget;
			buildConfigurationList = C9FE292F1BE664A100E05053 /* Build configuration list for PBXNativeTarget "iOS9UIKitDemos" */;
			buildPhases = (
				C9FE29141BE664A100E05053 /* Sources */,
				C9FE29151BE664A100E05053 /* Frameworks */,
				C9FE29161BE664A100E05053 /* Resources */,
			);
			buildRules = (
			);
			dependencies = (
			);
			name = iOS9UIKitDemos;
			productName = iOS9UIKitDemos;
			productReference = C9FE29181BE664A100E05053 /* iOS9UIKitDemos.app */;
			productType = "com.apple.product-type.application";
		};
/* End PBXNativeTarget section */

/* Begin PBXProject section */
		C9FE29101BE664A100E05053 /* Project object */ = {
			isa = PBXProject;
			attributes = {
				LastUpgradeCheck = 0710;
				ORGANIZATIONNAME = "Shingo Hiraya";
				TargetAttributes = {
					C9FE29171BE664A100E05053 = {
						CreatedOnToolsVersion = 7.1;
					};
				};
			};
			buildConfigurationList = C9FE29131BE664A100E05053 /* Build configuration list for PBXProject "iOS9UIKitDemos" */;
			compatibilityVersion = "Xcode 3.2";
			developmentRegion = English;
			hasScannedForEncodings = 0;
			knownRegions = (
				en,
				Base,
			);
			mainGroup = C9FE290F1BE664A100E05053;
			productRefGroup = C9FE29191BE664A100E05053 /* Products */;
			projectDirPath = "";
			projectRoot = "";
			targets = (
				C9FE29171BE664A100E05053 /* iOS9UIKitDemos */,
			);
		};
/* End PBXProject section */

/* Begin PBXResourcesBuildPhase section */
		C9FE29161BE664A100E05053 /* Resources */ = {
			isa = PBXResourcesBuildPhase;
			buildActionMask = 2147483647;
			files = (
				C9FE292B1BE664A100E05053 /* LaunchScreen.storyboard in Resources */,
				C9FE29281BE664A100E05053 /* Assets.xcassets in Resources */,
				C9FE29461BE68C9100E05053 /* UIStackView.storyboard in Resources */,
				C9FE29351BE665B000E05053 /* NSLayoutAnchor.storyboard in Resources */,
				C9FE29261BE664A100E05053 /* Main.storyboard in Resources */,
				C9FE293C1BE66CE900E05053 /* UILayoutGuide.storyboard in Resources */,
			);
			runOnlyForDeploymentPostprocessing = 0;
		};
/* End PBXResourcesBuildPhase section */

/* Begin PBXSourcesBuildPhase section */
		C9FE29141BE664A100E05053 /* Sources */ = {
			isa = PBXSourcesBuildPhase;
			buildActionMask = 2147483647;
			files = (
				C9FE29591BE6939500E05053 /* ImageListViewCell.m in Sources */,
				C9FE29201BE664A100E05053 /* AppDelegate.m in Sources */,
				C9FE29381BE6675B00E05053 /* WebViewController.m in Sources */,
				C9FE29401BE66DDC00E05053 /* SpacerViewController.m in Sources */,
				C9FE29561BE6938500E05053 /* ImageListViewController.m in Sources */,
				C9FE29431BE6745A00E05053 /* GroupViewController.m in Sources */,
				C9FE294D1BE68D7500E05053 /* TimelineCell.m in Sources */,
				C9FE291D1BE664A100E05053 /* main.m in Sources */,
				C9FE294A1BE68D5000E05053 /* TimelineViewController.m in Sources */,
				C9FE29501BE68D8F00E05053 /* TimelineItem.m in Sources */,
			);
			runOnlyForDeploymentPostprocessing = 0;
		};
/* End PBXSourcesBuildPhase section */

/* Begin PBXVariantGroup section */
		C9FE29241BE664A100E05053 /* Main.storyboard */ = {
			isa = PBXVariantGroup;
			children = (
				C9FE29251BE664A100E05053 /* Base */,
			);
			name = Main.storyboard;
			sourceTree = "<group>";
		};
		C9FE29291BE664A100E05053 /* LaunchScreen.storyboard */ = {
			isa = PBXVariantGroup;
			children = (
				C9FE292A1BE664A100E05053 /* Base */,
			);
			name = LaunchScreen.storyboard;
			sourceTree = "<group>";
		};
		C9FE29331BE665B000E05053 /* NSLayoutAnchor.storyboard */ = {
			isa = PBXVariantGroup;
			children = (
				C9FE29341BE665B000E05053 /* Base */,
			);
			name = NSLayoutAnchor.storyboard;
			sourceTree = "<group>";
		};
		C9FE293A1BE66CE900E05053 /* UILayoutGuide.storyboard */ = {
			isa = PBXVariantGroup;
			children = (
				C9FE293B1BE66CE900E05053 /* Base */,
			);
			name = UILayoutGuide.storyboard;
			sourceTree = "<group>";
		};
		C9FE29441BE68C9100E05053 /* UIStackView.storyboard */ = {
			isa = PBXVariantGroup;
			children = (
				C9FE29451BE68C9100E05053 /* Base */,
			);
			name = UIStackView.storyboard;
			sourceTree = "<group>";
		};
/* End PBXVariantGroup section */

/* Begin XCBuildConfiguration section */
		C9FE292D1BE664A100E05053 /* Debug */ = {
			isa = XCBuildConfiguration;
			buildSettings = {
				ALWAYS_SEARCH_USER_PATHS = NO;
				CLANG_CXX_LANGUAGE_STANDARD = "gnu++0x";
				CLANG_CXX_LIBRARY = "libc++";
				CLANG_ENABLE_MODULES = YES;
				CLANG_ENABLE_OBJC_ARC = YES;
				CLANG_WARN_BOOL_CONVERSION = YES;
				CLANG_WARN_CONSTANT_CONVERSION = YES;
				CLANG_WARN_DIRECT_OBJC_ISA_USAGE = YES_ERROR;
				CLANG_WARN_EMPTY_BODY = YES;
				CLANG_WARN_ENUM_CONVERSION = YES;
				CLANG_WARN_INT_CONVERSION = YES;
				CLANG_WARN_OBJC_ROOT_CLASS = YES_ERROR;
				CLANG_WARN_UNREACHABLE_CODE = YES;
				CLANG_WARN__DUPLICATE_METHOD_MATCH = YES;
				"CODE_SIGN_IDENTITY[sdk=iphoneos*]" = "iPhone Developer";
				COPY_PHASE_STRIP = NO;
				DEBUG_INFORMATION_FORMAT = dwarf;
				ENABLE_STRICT_OBJC_MSGSEND = YES;
				ENABLE_TESTABILITY = YES;
				GCC_C_LANGUAGE_STANDARD = gnu99;
				GCC_DYNAMIC_NO_PIC = NO;
				GCC_NO_COMMON_BLOCKS = YES;
				GCC_OPTIMIZATION_LEVEL = 0;
				GCC_PREPROCESSOR_DEFINITIONS = (
					"DEBUG=1",
					"$(inherited)",
				);
				GCC_WARN_64_TO_32_BIT_CONVERSION = YES;
				GCC_WARN_ABOUT_RETURN_TYPE = YES_ERROR;
				GCC_WARN_UNDECLARED_SELECTOR = YES;
				GCC_WARN_UNINITIALIZED_AUTOS = YES_AGGRESSIVE;
				GCC_WARN_UNUSED_FUNCTION = YES;
				GCC_WARN_UNUSED_VARIABLE = YES;
				IPHONEOS_DEPLOYMENT_TARGET = 9.1;
				MTL_ENABLE_DEBUG_INFO = YES;
				ONLY_ACTIVE_ARCH = YES;
				SDKROOT = iphoneos;
			};
			name = Debug;
		};
		C9FE292E1BE664A100E05053 /* Release */ = {
			isa = XCBuildConfiguration;
			buildSettings = {
				ALWAYS_SEARCH_USER_PATHS = NO;
				CLANG_CXX_LANGUAGE_STANDARD = "gnu++0x";
				CLANG_CXX_LIBRARY = "libc++";
				CLANG_ENABLE_MODULES = YES;
				CLANG_ENABLE_OBJC_ARC = YES;
				CLANG_WARN_BOOL_CONVERSION = YES;
				CLANG_WARN_CONSTANT_CONVERSION = YES;
				CLANG_WARN_DIRECT_OBJC_ISA_USAGE = YES_ERROR;
				CLANG_WARN_EMPTY_BODY = YES;
				CLANG_WARN_ENUM_CONVERSION = YES;
				CLANG_WARN_INT_CONVERSION = YES;
				CLANG_WARN_OBJC_ROOT_CLASS = YES_ERROR;
				CLANG_WARN_UNREACHABLE_CODE = YES;
				CLANG_WARN__DUPLICATE_METHOD_MATCH = YES;
				"CODE_SIGN_IDENTITY[sdk=iphoneos*]" = "iPhone Developer";
				COPY_PHASE_STRIP = NO;
				DEBUG_INFORMATION_FORMAT = "dwarf-with-dsym";
				ENABLE_NS_ASSERTIONS = NO;
				ENABLE_STRICT_OBJC_MSGSEND = YES;
				GCC_C_LANGUAGE_STANDARD = gnu99;
				GCC_NO_COMMON_BLOCKS = YES;
				GCC_WARN_64_TO_32_BIT_CONVERSION = YES;
				GCC_WARN_ABOUT_RETURN_TYPE = YES_ERROR;
				GCC_WARN_UNDECLARED_SELECTOR = YES;
				GCC_WARN_UNINITIALIZED_AUTOS = YES_AGGRESSIVE;
				GCC_WARN_UNUSED_FUNCTION = YES;
				GCC_WARN_UNUSED_VARIABLE = YES;
				IPHONEOS_DEPLOYMENT_TARGET = 9.1;
				MTL_ENABLE_DEBUG_INFO = NO;
				SDKROOT = iphoneos;
				VALIDATE_PRODUCT = YES;
			};
			name = Release;
		};
		C9FE29301BE664A100E05053 /* Debug */ = {
			isa = XCBuildConfiguration;
			buildSettings = {
				ASSETCATALOG_COMPILER_APPICON_NAME = AppIcon;
				INFOPLIST_FILE = iOS9UIKitDemos/Info.plist;
				LD_RUNPATH_SEARCH_PATHS = "$(inherited) @executable_path/Frameworks";
				PRODUCT_BUNDLE_IDENTIFIER = com.sample.iOS9UIKitDemos;
				PRODUCT_NAME = "$(TARGET_NAME)";
			};
			name = Debug;
		};
		C9FE29311BE664A100E05053 /* Release */ = {
			isa = XCBuildConfiguration;
			buildSettings = {
				ASSETCATALOG_COMPILER_APPICON_NAME = AppIcon;
				INFOPLIST_FILE = iOS9UIKitDemos/Info.plist;
				LD_RUNPATH_SEARCH_PATHS = "$(inherited) @executable_path/Frameworks";
				PRODUCT_BUNDLE_IDENTIFIER = com.sample.iOS9UIKitDemos;
				PRODUCT_NAME = "$(TARGET_NAME)";
			};
			name = Release;
		};
/* End XCBuildConfiguration section */

/* Begin XCConfigurationList section */
		C9FE29131BE664A100E05053 /* Build configuration list for PBXProject "iOS9UIKitDemos" */ = {
			isa = XCConfigurationList;
			buildConfigurations = (
				C9FE292D1BE664A100E05053 /* Debug */,
				C9FE292E1BE664A100E05053 /* Release */,
			);
			defaultConfigurationIsVisible = 0;
			defaultConfigurationName = Release;
		};
		C9FE292F1BE664A100E05053 /* Build configuration list for PBXNativeTarget "iOS9UIKitDemos" */ = {
			isa = XCConfigurationList;
			buildConfigurations = (
				C9FE29301BE664A100E05053 /* Debug */,
				C9FE29311BE664A100E05053 /* Release */,
			);
			defaultConfigurationIsVisible = 0;
		};
/* End XCConfigurationList section */
	};
	rootObject = C9FE29101BE664A100E05053 /* Project object */;
}
